
Microsoft Visual Studio Solution File, Format Version 12.00
# Visual Studio Version 16
VisualStudioVersion = 16.0.31605.320
MinimumVisualStudioVersion = 10.0.40219.1
Project("{D954291E-2A0B-460D-934E-DC6B0785DB48}") = "StoreManager.Shared", "StoreManager\StoreManager.Shared\StoreManager.Shared.shproj", "{6279C845-92F8-4333-AB99-3D213163593C}"
EndProject
Project("{2150E333-8FDC-42A3-9474-1A3956D46DE8}") = "Platforms", "Platforms", "{8369510E-F73C-49F5-93DD-1CEB448D2B51}"
EndProject
Project("{FAE04EC0-301F-11D3-BF4B-00C04F79EFBC}") = "StoreManager.Droid", "StoreManager\StoreManager.Droid\StoreManager.Droid.csproj", "{4F71FDC0-82D8-4F74-9D1C-42E256FBE571}"
EndProject
Project("{FAE04EC0-301F-11D3-BF4B-00C04F79EFBC}") = "StoreManager.iOS", "StoreManager\StoreManager.iOS\StoreManager.iOS.csproj", "{D2FE5DF2-C990-427C-B200-E468706A3798}"
EndProject
Project("{FAE04EC0-301F-11D3-BF4B-00C04F79EFBC}") = "StoreManager.UWP", "StoreManager\StoreManager.UWP\StoreManager.UWP.csproj", "{B8CA49DD-75DE-44CE-AC58-88AC25DB6843}"
EndProject
Project("{9A19103F-16F7-4668-BE54-9A1E7A4F7556}") = "StoreManager.Wasm", "StoreManager\StoreManager.Wasm\StoreManager.Wasm.csproj", "{D8859E46-1F27-4747-ACF1-3F2FDDABE511}"
EndProject
Project("{FAE04EC0-301F-11D3-BF4B-00C04F79EFBC}") = "StoreManager.macOS", "StoreManager\StoreManager.macOS\StoreManager.macOS.csproj", "{D7EE6FF8-FEC6-4CFB-86F3-D349D304DAF4}"
EndProject
Project("{FAE04EC0-301F-11D3-BF4B-00C04F79EFBC}") = "StoreManager.Skia.Wpf.Host", "StoreManager\StoreManager.Skia.Wpf.Host\StoreManager.Skia.Wpf.Host.csproj", "{CDA5DCAD-EA45-4A46-B3E9-F51325B0F36E}"
EndProject
Project("{FAE04EC0-301F-11D3-BF4B-00C04F79EFBC}") = "StoreManager.Skia.Wpf", "StoreManager\StoreManager.Skia.Wpf\StoreManager.Skia.Wpf.csproj", "{E5BE2083-0F08-4B15-844D-70392E364811}"
EndProject
Project("{FAE04EC0-301F-11D3-BF4B-00C04F79EFBC}") = "StoreManager.Skia.Gtk", "StoreManager\StoreManager.Skia.Gtk\StoreManager.Skia.Gtk.csproj", "{96BB0A42-6C2A-4204-B0BC-529D4C54F434}"
EndProject
Project("{FAE04EC0-301F-11D3-BF4B-00C04F79EFBC}") = "StoreManager.Skia.Tizen", "StoreManager\StoreManager.Skia.Tizen\StoreManager.Skia.Tizen.csproj", "{4CBE1314-8FA7-421A-A22C-B34CAC87BADD}"
EndProject
Project("{2150E333-8FDC-42A3-9474-1A3956D46DE8}") = ".github", ".github", "{EF19979F-0B9E-4C88-B0D4-DA8D1E97810D}"
EndProject
Project("{2150E333-8FDC-42A3-9474-1A3956D46DE8}") = "workflows", "workflows", "{FA218F3D-CBE4-4D93-8E8B-FE573282117A}"
EndProject
Global
	GlobalSection(SharedMSBuildProjectFiles) = preSolution
		StoreManager\StoreManager.Shared\StoreManager.Shared.projitems*{4cbe1314-8fa7-421a-a22c-b34cac87badd}*SharedItemsImports = 5
		StoreManager\StoreManager.Shared\StoreManager.Shared.projitems*{4f71fdc0-82d8-4f74-9d1c-42e256fbe571}*SharedItemsImports = 4
		StoreManager\StoreManager.Shared\StoreManager.Shared.projitems*{6279c845-92f8-4333-ab99-3d213163593c}*SharedItemsImports = 13
		StoreManager\StoreManager.Shared\StoreManager.Shared.projitems*{96bb0a42-6c2a-4204-b0bc-529d4c54f434}*SharedItemsImports = 5
		StoreManager\StoreManager.Shared\StoreManager.Shared.projitems*{b8ca49dd-75de-44ce-ac58-88ac25db6843}*SharedItemsImports = 4
		StoreManager\StoreManager.Shared\StoreManager.Shared.projitems*{d2fe5df2-c990-427c-b200-e468706a3798}*SharedItemsImports = 4
		StoreManager\StoreManager.Shared\StoreManager.Shared.projitems*{d7ee6ff8-fec6-4cfb-86f3-d349d304daf4}*SharedItemsImports = 4
		StoreManager\StoreManager.Shared\StoreManager.Shared.projitems*{d8859e46-1f27-4747-acf1-3f2fddabe511}*SharedItemsImports = 5
		StoreManager\StoreManager.Shared\StoreManager.Shared.projitems*{e5be2083-0f08-4b15-844d-70392e364811}*SharedItemsImports = 5
	EndGlobalSection
	GlobalSection(SolutionConfigurationPlatforms) = preSolution
		Ad-Hoc|Any CPU = Ad-Hoc|Any CPU
		Ad-Hoc|ARM = Ad-Hoc|ARM
		Ad-Hoc|ARM64 = Ad-Hoc|ARM64
		Ad-Hoc|iPhone = Ad-Hoc|iPhone
		Ad-Hoc|iPhoneSimulator = Ad-Hoc|iPhoneSimulator
		Ad-Hoc|x64 = Ad-Hoc|x64
		Ad-Hoc|x86 = Ad-Hoc|x86
		AppStore|Any CPU = AppStore|Any CPU
		AppStore|ARM = AppStore|ARM
		AppStore|ARM64 = AppStore|ARM64
		AppStore|iPhone = AppStore|iPhone
		AppStore|iPhoneSimulator = AppStore|iPhoneSimulator
		AppStore|x64 = AppStore|x64
		AppStore|x86 = AppStore|x86
		Debug|Any CPU = Debug|Any CPU
		Debug|ARM = Debug|ARM
		Debug|ARM64 = Debug|ARM64
		Debug|iPhone = Debug|iPhone
		Debug|iPhoneSimulator = Debug|iPhoneSimulator
		Debug|x64 = Debug|x64
		Debug|x86 = Debug|x86
		Release|Any CPU = Release|Any CPU
		Release|ARM = Release|ARM
		Release|ARM64 = Release|ARM64
		Release|iPhone = Release|iPhone
		Release|iPhoneSimulator = Release|iPhoneSimulator
		Release|x64 = Release|x64
		Release|x86 = Release|x86
	EndGlobalSection
	GlobalSection(ProjectConfigurationPlatforms) = postSolution
		{4F71FDC0-82D8-4F74-9D1C-42E256FBE571}.Ad-Hoc|Any CPU.ActiveCfg = Debug|Any CPU
		{4F71FDC0-82D8-4F74-9D1C-42E256FBE571}.Ad-Hoc|Any CPU.Build.0 = Debug|Any CPU
		{4F71FDC0-82D8-4F74-9D1C-42E256FBE571}.Ad-Hoc|Any CPU.Deploy.0 = Debug|Any CPU
		{4F71FDC0-82D8-4F74-9D1C-42E256FBE571}.Ad-Hoc|ARM.ActiveCfg = Debug|Any CPU
		{4F71FDC0-82D8-4F74-9D1C-42E256FBE571}.Ad-Hoc|ARM.Build.0 = Debug|Any CPU
		{4F71FDC0-82D8-4F74-9D1C-42E256FBE571}.Ad-Hoc|ARM.Deploy.0 = Debug|Any CPU
		{4F71FDC0-82D8-4F74-9D1C-42E256FBE571}.Ad-Hoc|ARM64.ActiveCfg = Debug|Any CPU
		{4F71FDC0-82D8-4F74-9D1C-42E256FBE571}.Ad-Hoc|ARM64.Build.0 = Debug|Any CPU
		{4F71FDC0-82D8-4F74-9D1C-42E256FBE571}.Ad-Hoc|ARM64.Deploy.0 = Debug|Any CPU
		{4F71FDC0-82D8-4F74-9D1C-42E256FBE571}.Ad-Hoc|iPhone.ActiveCfg = Debug|Any CPU
		{4F71FDC0-82D8-4F74-9D1C-42E256FBE571}.Ad-Hoc|iPhone.Build.0 = Debug|Any CPU
		{4F71FDC0-82D8-4F74-9D1C-42E256FBE571}.Ad-Hoc|iPhone.Deploy.0 = Debug|Any CPU
		{4F71FDC0-82D8-4F74-9D1C-42E256FBE571}.Ad-Hoc|iPhoneSimulator.ActiveCfg = Debug|Any CPU
		{4F71FDC0-82D8-4F74-9D1C-42E256FBE571}.Ad-Hoc|iPhoneSimulator.Build.0 = Debug|Any CPU
		{4F71FDC0-82D8-4F74-9D1C-42E256FBE571}.Ad-Hoc|iPhoneSimulator.Deploy.0 = Debug|Any CPU
		{4F71FDC0-82D8-4F74-9D1C-42E256FBE571}.Ad-Hoc|x64.ActiveCfg = Debug|Any CPU
		{4F71FDC0-82D8-4F74-9D1C-42E256FBE571}.Ad-Hoc|x64.Build.0 = Debug|Any CPU
		{4F71FDC0-82D8-4F74-9D1C-42E256FBE571}.Ad-Hoc|x64.Deploy.0 = Debug|Any CPU
		{4F71FDC0-82D8-4F74-9D1C-42E256FBE571}.Ad-Hoc|x86.ActiveCfg = Debug|Any CPU
		{4F71FDC0-82D8-4F74-9D1C-42E256FBE571}.Ad-Hoc|x86.Build.0 = Debug|Any CPU
		{4F71FDC0-82D8-4F74-9D1C-42E256FBE571}.Ad-Hoc|x86.Deploy.0 = Debug|Any CPU
		{4F71FDC0-82D8-4F74-9D1C-42E256FBE571}.AppStore|Any CPU.ActiveCfg = Debug|Any CPU
		{4F71FDC0-82D8-4F74-9D1C-42E256FBE571}.AppStore|Any CPU.Build.0 = Debug|Any CPU
		{4F71FDC0-82D8-4F74-9D1C-42E256FBE571}.AppStore|Any CPU.Deploy.0 = Debug|Any CPU
		{4F71FDC0-82D8-4F74-9D1C-42E256FBE571}.AppStore|ARM.ActiveCfg = Debug|Any CPU
		{4F71FDC0-82D8-4F74-9D1C-42E256FBE571}.AppStore|ARM.Build.0 = Debug|Any CPU
		{4F71FDC0-82D8-4F74-9D1C-42E256FBE571}.AppStore|ARM.Deploy.0 = Debug|Any CPU
		{4F71FDC0-82D8-4F74-9D1C-42E256FBE571}.AppStore|ARM64.ActiveCfg = Debug|Any CPU
		{4F71FDC0-82D8-4F74-9D1C-42E256FBE571}.AppStore|ARM64.Build.0 = Debug|Any CPU
		{4F71FDC0-82D8-4F74-9D1C-42E256FBE571}.AppStore|ARM64.Deploy.0 = Debug|Any CPU
		{4F71FDC0-82D8-4F74-9D1C-42E256FBE571}.AppStore|iPhone.ActiveCfg = Debug|Any CPU
		{4F71FDC0-82D8-4F74-9D1C-42E256FBE571}.AppStore|iPhone.Build.0 = Debug|Any CPU
		{4F71FDC0-82D8-4F74-9D1C-42E256FBE571}.AppStore|iPhone.Deploy.0 = Debug|Any CPU
		{4F71FDC0-82D8-4F74-9D1C-42E256FBE571}.AppStore|iPhoneSimulator.ActiveCfg = Debug|Any CPU
		{4F71FDC0-82D8-4F74-9D1C-42E256FBE571}.AppStore|iPhoneSimulator.Build.0 = Debug|Any CPU
		{4F71FDC0-82D8-4F74-9D1C-42E256FBE571}.AppStore|iPhoneSimulator.Deploy.0 = Debug|Any CPU
		{4F71FDC0-82D8-4F74-9D1C-42E256FBE571}.AppStore|x64.ActiveCfg = Debug|Any CPU
		{4F71FDC0-82D8-4F74-9D1C-42E256FBE571}.AppStore|x64.Build.0 = Debug|Any CPU
		{4F71FDC0-82D8-4F74-9D1C-42E256FBE571}.AppStore|x64.Deploy.0 = Debug|Any CPU
		{4F71FDC0-82D8-4F74-9D1C-42E256FBE571}.AppStore|x86.ActiveCfg = Debug|Any CPU
		{4F71FDC0-82D8-4F74-9D1C-42E256FBE571}.AppStore|x86.Build.0 = Debug|Any CPU
		{4F71FDC0-82D8-4F74-9D1C-42E256FBE571}.AppStore|x86.Deploy.0 = Debug|Any CPU
		{4F71FDC0-82D8-4F74-9D1C-42E256FBE571}.Debug|Any CPU.ActiveCfg = Debug|Any CPU
		{4F71FDC0-82D8-4F74-9D1C-42E256FBE571}.Debug|Any CPU.Build.0 = Debug|Any CPU
		{4F71FDC0-82D8-4F74-9D1C-42E256FBE571}.Debug|Any CPU.Deploy.0 = Debug|Any CPU
		{4F71FDC0-82D8-4F74-9D1C-42E256FBE571}.Debug|ARM.ActiveCfg = Debug|Any CPU
		{4F71FDC0-82D8-4F74-9D1C-42E256FBE571}.Debug|ARM.Build.0 = Debug|Any CPU
		{4F71FDC0-82D8-4F74-9D1C-42E256FBE571}.Debug|ARM.Deploy.0 = Debug|Any CPU
		{4F71FDC0-82D8-4F74-9D1C-42E256FBE571}.Debug|ARM64.ActiveCfg = Debug|Any CPU
		{4F71FDC0-82D8-4F74-9D1C-42E256FBE571}.Debug|ARM64.Build.0 = Debug|Any CPU
		{4F71FDC0-82D8-4F74-9D1C-42E256FBE571}.Debug|ARM64.Deploy.0 = Debug|Any CPU
		{4F71FDC0-82D8-4F74-9D1C-42E256FBE571}.Debug|iPhone.ActiveCfg = Debug|Any CPU
		{4F71FDC0-82D8-4F74-9D1C-42E256FBE571}.Debug|iPhone.Build.0 = Debug|Any CPU
		{4F71FDC0-82D8-4F74-9D1C-42E256FBE571}.Debug|iPhone.Deploy.0 = Debug|Any CPU
		{4F71FDC0-82D8-4F74-9D1C-42E256FBE571}.Debug|iPhoneSimulator.ActiveCfg = Debug|Any CPU
		{4F71FDC0-82D8-4F74-9D1C-42E256FBE571}.Debug|iPhoneSimulator.Build.0 = Debug|Any CPU
		{4F71FDC0-82D8-4F74-9D1C-42E256FBE571}.Debug|iPhoneSimulator.Deploy.0 = Debug|Any CPU
		{4F71FDC0-82D8-4F74-9D1C-42E256FBE571}.Debug|x64.ActiveCfg = Debug|Any CPU
		{4F71FDC0-82D8-4F74-9D1C-42E256FBE571}.Debug|x64.Build.0 = Debug|Any CPU
		{4F71FDC0-82D8-4F74-9D1C-42E256FBE571}.Debug|x64.Deploy.0 = Debug|Any CPU
		{4F71FDC0-82D8-4F74-9D1C-42E256FBE571}.Debug|x86.ActiveCfg = Debug|Any CPU
		{4F71FDC0-82D8-4F74-9D1C-42E256FBE571}.Debug|x86.Build.0 = Debug|Any CPU
		{4F71FDC0-82D8-4F74-9D1C-42E256FBE571}.Debug|x86.Deploy.0 = Debug|Any CPU
		{4F71FDC0-82D8-4F74-9D1C-42E256FBE571}.Release|Any CPU.ActiveCfg = Release|Any CPU
		{4F71FDC0-82D8-4F74-9D1C-42E256FBE571}.Release|Any CPU.Build.0 = Release|Any CPU
		{4F71FDC0-82D8-4F74-9D1C-42E256FBE571}.Release|Any CPU.Deploy.0 = Release|Any CPU
		{4F71FDC0-82D8-4F74-9D1C-42E256FBE571}.Release|ARM.ActiveCfg = Release|Any CPU
		{4F71FDC0-82D8-4F74-9D1C-42E256FBE571}.Release|ARM.Build.0 = Release|Any CPU
		{4F71FDC0-82D8-4F74-9D1C-42E256FBE571}.Release|ARM.Deploy.0 = Release|Any CPU
		{4F71FDC0-82D8-4F74-9D1C-42E256FBE571}.Release|ARM64.ActiveCfg = Release|Any CPU
		{4F71FDC0-82D8-4F74-9D1C-42E256FBE571}.Release|ARM64.Build.0 = Release|Any CPU
		{4F71FDC0-82D8-4F74-9D1C-42E256FBE571}.Release|ARM64.Deploy.0 = Release|Any CPU
		{4F71FDC0-82D8-4F74-9D1C-42E256FBE571}.Release|iPhone.ActiveCfg = Release|Any CPU
		{4F71FDC0-82D8-4F74-9D1C-42E256FBE571}.Release|iPhone.Build.0 = Release|Any CPU
		{4F71FDC0-82D8-4F74-9D1C-42E256FBE571}.Release|iPhone.Deploy.0 = Release|Any CPU
		{4F71FDC0-82D8-4F74-9D1C-42E256FBE571}.Release|iPhoneSimulator.ActiveCfg = Release|Any CPU
		{4F71FDC0-82D8-4F74-9D1C-42E256FBE571}.Release|iPhoneSimulator.Build.0 = Release|Any CPU
		{4F71FDC0-82D8-4F74-9D1C-42E256FBE571}.Release|iPhoneSimulator.Deploy.0 = Release|Any CPU
		{4F71FDC0-82D8-4F74-9D1C-42E256FBE571}.Release|x64.ActiveCfg = Release|Any CPU
		{4F71FDC0-82D8-4F74-9D1C-42E256FBE571}.Release|x64.Build.0 = Release|Any CPU
		{4F71FDC0-82D8-4F74-9D1C-42E256FBE571}.Release|x64.Deploy.0 = Release|Any CPU
		{4F71FDC0-82D8-4F74-9D1C-42E256FBE571}.Release|x86.ActiveCfg = Release|Any CPU
		{4F71FDC0-82D8-4F74-9D1C-42E256FBE571}.Release|x86.Build.0 = Release|Any CPU
		{4F71FDC0-82D8-4F74-9D1C-42E256FBE571}.Release|x86.Deploy.0 = Release|Any CPU
		{D2FE5DF2-C990-427C-B200-E468706A3798}.Ad-Hoc|Any CPU.ActiveCfg = Ad-Hoc|iPhoneSimulator
		{D2FE5DF2-C990-427C-B200-E468706A3798}.Ad-Hoc|ARM.ActiveCfg = Ad-Hoc|iPhoneSimulator
		{D2FE5DF2-C990-427C-B200-E468706A3798}.Ad-Hoc|ARM64.ActiveCfg = Ad-Hoc|iPhoneSimulator
		{D2FE5DF2-C990-427C-B200-E468706A3798}.Ad-Hoc|iPhone.ActiveCfg = Ad-Hoc|iPhone
		{D2FE5DF2-C990-427C-B200-E468706A3798}.Ad-Hoc|iPhone.Build.0 = Ad-Hoc|iPhone
		{D2FE5DF2-C990-427C-B200-E468706A3798}.Ad-Hoc|iPhoneSimulator.ActiveCfg = Ad-Hoc|iPhoneSimulator
		{D2FE5DF2-C990-427C-B200-E468706A3798}.Ad-Hoc|iPhoneSimulator.Build.0 = Ad-Hoc|iPhoneSimulator
		{D2FE5DF2-C990-427C-B200-E468706A3798}.Ad-Hoc|x64.ActiveCfg = Ad-Hoc|iPhoneSimulator
		{D2FE5DF2-C990-427C-B200-E468706A3798}.Ad-Hoc|x86.ActiveCfg = Ad-Hoc|iPhoneSimulator
		{D2FE5DF2-C990-427C-B200-E468706A3798}.AppStore|Any CPU.ActiveCfg = AppStore|iPhoneSimulator
		{D2FE5DF2-C990-427C-B200-E468706A3798}.AppStore|ARM.ActiveCfg = AppStore|iPhoneSimulator
		{D2FE5DF2-C990-427C-B200-E468706A3798}.AppStore|ARM64.ActiveCfg = AppStore|iPhoneSimulator
		{D2FE5DF2-C990-427C-B200-E468706A3798}.AppStore|iPhone.ActiveCfg = AppStore|iPhone
		{D2FE5DF2-C990-427C-B200-E468706A3798}.AppStore|iPhone.Build.0 = AppStore|iPhone
		{D2FE5DF2-C990-427C-B200-E468706A3798}.AppStore|iPhoneSimulator.ActiveCfg = AppStore|iPhoneSimulator
		{D2FE5DF2-C990-427C-B200-E468706A3798}.AppStore|iPhoneSimulator.Build.0 = AppStore|iPhoneSimulator
		{D2FE5DF2-C990-427C-B200-E468706A3798}.AppStore|x64.ActiveCfg = AppStore|iPhoneSimulator
		{D2FE5DF2-C990-427C-B200-E468706A3798}.AppStore|x86.ActiveCfg = AppStore|iPhoneSimulator
		{D2FE5DF2-C990-427C-B200-E468706A3798}.Debug|Any CPU.ActiveCfg = Debug|iPhoneSimulator
		{D2FE5DF2-C990-427C-B200-E468706A3798}.Debug|ARM.ActiveCfg = Debug|iPhoneSimulator
		{D2FE5DF2-C990-427C-B200-E468706A3798}.Debug|ARM64.ActiveCfg = Debug|iPhoneSimulator
		{D2FE5DF2-C990-427C-B200-E468706A3798}.Debug|iPhone.ActiveCfg = Debug|iPhone
		{D2FE5DF2-C990-427C-B200-E468706A3798}.Debug|iPhone.Build.0 = Debug|iPhone
		{D2FE5DF2-C990-427C-B200-E468706A3798}.Debug|iPhoneSimulator.ActiveCfg = Debug|iPhoneSimulator
		{D2FE5DF2-C990-427C-B200-E468706A3798}.Debug|iPhoneSimulator.Build.0 = Debug|iPhoneSimulator
		{D2FE5DF2-C990-427C-B200-E468706A3798}.Debug|x64.ActiveCfg = Debug|iPhoneSimulator
		{D2FE5DF2-C990-427C-B200-E468706A3798}.Debug|x86.ActiveCfg = Debug|iPhoneSimulator
		{D2FE5DF2-C990-427C-B200-E468706A3798}.Release|Any CPU.ActiveCfg = Release|iPhoneSimulator
		{D2FE5DF2-C990-427C-B200-E468706A3798}.Release|ARM.ActiveCfg = Release|iPhoneSimulator
		{D2FE5DF2-C990-427C-B200-E468706A3798}.Release|ARM64.ActiveCfg = Release|iPhoneSimulator
		{D2FE5DF2-C990-427C-B200-E468706A3798}.Release|iPhone.ActiveCfg = Release|iPhone
		{D2FE5DF2-C990-427C-B200-E468706A3798}.Release|iPhone.Build.0 = Release|iPhone
		{D2FE5DF2-C990-427C-B200-E468706A3798}.Release|iPhoneSimulator.ActiveCfg = Release|iPhoneSimulator
		{D2FE5DF2-C990-427C-B200-E468706A3798}.Release|iPhoneSimulator.Build.0 = Release|iPhoneSimulator
		{D2FE5DF2-C990-427C-B200-E468706A3798}.Release|x64.ActiveCfg = Release|iPhoneSimulator
		{D2FE5DF2-C990-427C-B200-E468706A3798}.Release|x86.ActiveCfg = Release|iPhoneSimulator
		{B8CA49DD-75DE-44CE-AC58-88AC25DB6843}.Ad-Hoc|Any CPU.ActiveCfg = Debug|x86
		{B8CA49DD-75DE-44CE-AC58-88AC25DB6843}.Ad-Hoc|Any CPU.Build.0 = Debug|x86
		{B8CA49DD-75DE-44CE-AC58-88AC25DB6843}.Ad-Hoc|Any CPU.Deploy.0 = Debug|x86
		{B8CA49DD-75DE-44CE-AC58-88AC25DB6843}.Ad-Hoc|ARM.ActiveCfg = Debug|ARM
		{B8CA49DD-75DE-44CE-AC58-88AC25DB6843}.Ad-Hoc|ARM.Build.0 = Debug|ARM
		{B8CA49DD-75DE-44CE-AC58-88AC25DB6843}.Ad-Hoc|ARM.Deploy.0 = Debug|ARM
		{B8CA49DD-75DE-44CE-AC58-88AC25DB6843}.Ad-Hoc|ARM64.ActiveCfg = Debug|ARM64
		{B8CA49DD-75DE-44CE-AC58-88AC25DB6843}.Ad-Hoc|ARM64.Build.0 = Debug|ARM64
		{B8CA49DD-75DE-44CE-AC58-88AC25DB6843}.Ad-Hoc|ARM64.Deploy.0 = Debug|ARM64
		{B8CA49DD-75DE-44CE-AC58-88AC25DB6843}.Ad-Hoc|iPhone.ActiveCfg = Debug|x86
		{B8CA49DD-75DE-44CE-AC58-88AC25DB6843}.Ad-Hoc|iPhone.Build.0 = Debug|x86
		{B8CA49DD-75DE-44CE-AC58-88AC25DB6843}.Ad-Hoc|iPhone.Deploy.0 = Debug|x86
		{B8CA49DD-75DE-44CE-AC58-88AC25DB6843}.Ad-Hoc|iPhoneSimulator.ActiveCfg = Debug|x86
		{B8CA49DD-75DE-44CE-AC58-88AC25DB6843}.Ad-Hoc|iPhoneSimulator.Build.0 = Debug|x86
		{B8CA49DD-75DE-44CE-AC58-88AC25DB6843}.Ad-Hoc|iPhoneSimulator.Deploy.0 = Debug|x86
		{B8CA49DD-75DE-44CE-AC58-88AC25DB6843}.Ad-Hoc|x64.ActiveCfg = Debug|x64
		{B8CA49DD-75DE-44CE-AC58-88AC25DB6843}.Ad-Hoc|x64.Build.0 = Debug|x64
		{B8CA49DD-75DE-44CE-AC58-88AC25DB6843}.Ad-Hoc|x64.Deploy.0 = Debug|x64
		{B8CA49DD-75DE-44CE-AC58-88AC25DB6843}.Ad-Hoc|x86.ActiveCfg = Debug|x86
		{B8CA49DD-75DE-44CE-AC58-88AC25DB6843}.Ad-Hoc|x86.Build.0 = Debug|x86
		{B8CA49DD-75DE-44CE-AC58-88AC25DB6843}.Ad-Hoc|x86.Deploy.0 = Debug|x86
		{B8CA49DD-75DE-44CE-AC58-88AC25DB6843}.AppStore|Any CPU.ActiveCfg = Debug|x86
		{B8CA49DD-75DE-44CE-AC58-88AC25DB6843}.AppStore|Any CPU.Build.0 = Debug|x86
		{B8CA49DD-75DE-44CE-AC58-88AC25DB6843}.AppStore|Any CPU.Deploy.0 = Debug|x86
		{B8CA49DD-75DE-44CE-AC58-88AC25DB6843}.AppStore|ARM.ActiveCfg = Debug|ARM
		{B8CA49DD-75DE-44CE-AC58-88AC25DB6843}.AppStore|ARM.Build.0 = Debug|ARM
		{B8CA49DD-75DE-44CE-AC58-88AC25DB6843}.AppStore|ARM.Deploy.0 = Debug|ARM
		{B8CA49DD-75DE-44CE-AC58-88AC25DB6843}.AppStore|ARM64.ActiveCfg = Debug|ARM64
		{B8CA49DD-75DE-44CE-AC58-88AC25DB6843}.AppStore|ARM64.Build.0 = Debug|ARM64
		{B8CA49DD-75DE-44CE-AC58-88AC25DB6843}.AppStore|ARM64.Deploy.0 = Debug|ARM64
		{B8CA49DD-75DE-44CE-AC58-88AC25DB6843}.AppStore|iPhone.ActiveCfg = Debug|x86
		{B8CA49DD-75DE-44CE-AC58-88AC25DB6843}.AppStore|iPhone.Build.0 = Debug|x86
		{B8CA49DD-75DE-44CE-AC58-88AC25DB6843}.AppStore|iPhone.Deploy.0 = Debug|x86
		{B8CA49DD-75DE-44CE-AC58-88AC25DB6843}.AppStore|iPhoneSimulator.ActiveCfg = Debug|x86
		{B8CA49DD-75DE-44CE-AC58-88AC25DB6843}.AppStore|iPhoneSimulator.Build.0 = Debug|x86
		{B8CA49DD-75DE-44CE-AC58-88AC25DB6843}.AppStore|iPhoneSimulator.Deploy.0 = Debug|x86
		{B8CA49DD-75DE-44CE-AC58-88AC25DB6843}.AppStore|x64.ActiveCfg = Debug|x64
		{B8CA49DD-75DE-44CE-AC58-88AC25DB6843}.AppStore|x64.Build.0 = Debug|x64
		{B8CA49DD-75DE-44CE-AC58-88AC25DB6843}.AppStore|x64.Deploy.0 = Debug|x64
		{B8CA49DD-75DE-44CE-AC58-88AC25DB6843}.AppStore|x86.ActiveCfg = Debug|x86
		{B8CA49DD-75DE-44CE-AC58-88AC25DB6843}.AppStore|x86.Build.0 = Debug|x86
		{B8CA49DD-75DE-44CE-AC58-88AC25DB6843}.AppStore|x86.Deploy.0 = Debug|x86
		{B8CA49DD-75DE-44CE-AC58-88AC25DB6843}.Debug|Any CPU.ActiveCfg = Debug|x86
		{B8CA49DD-75DE-44CE-AC58-88AC25DB6843}.Debug|Any CPU.Build.0 = Debug|x86
		{B8CA49DD-75DE-44CE-AC58-88AC25DB6843}.Debug|Any CPU.Deploy.0 = Debug|x86
		{B8CA49DD-75DE-44CE-AC58-88AC25DB6843}.Debug|ARM.ActiveCfg = Debug|ARM
		{B8CA49DD-75DE-44CE-AC58-88AC25DB6843}.Debug|ARM.Build.0 = Debug|ARM
		{B8CA49DD-75DE-44CE-AC58-88AC25DB6843}.Debug|ARM.Deploy.0 = Debug|ARM
		{B8CA49DD-75DE-44CE-AC58-88AC25DB6843}.Debug|ARM64.ActiveCfg = Debug|ARM64
		{B8CA49DD-75DE-44CE-AC58-88AC25DB6843}.Debug|ARM64.Build.0 = Debug|ARM64
		{B8CA49DD-75DE-44CE-AC58-88AC25DB6843}.Debug|ARM64.Deploy.0 = Debug|ARM64
		{B8CA49DD-75DE-44CE-AC58-88AC25DB6843}.Debug|iPhone.ActiveCfg = Debug|x86
		{B8CA49DD-75DE-44CE-AC58-88AC25DB6843}.Debug|iPhoneSimulator.ActiveCfg = Debug|x86
		{B8CA49DD-75DE-44CE-AC58-88AC25DB6843}.Debug|x64.ActiveCfg = Debug|x64
		{B8CA49DD-75DE-44CE-AC58-88AC25DB6843}.Debug|x64.Build.0 = Debug|x64
		{B8CA49DD-75DE-44CE-AC58-88AC25DB6843}.Debug|x64.Deploy.0 = Debug|x64
		{B8CA49DD-75DE-44CE-AC58-88AC25DB6843}.Debug|x86.ActiveCfg = Debug|x86
		{B8CA49DD-75DE-44CE-AC58-88AC25DB6843}.Debug|x86.Build.0 = Debug|x86
		{B8CA49DD-75DE-44CE-AC58-88AC25DB6843}.Debug|x86.Deploy.0 = Debug|x86
		{B8CA49DD-75DE-44CE-AC58-88AC25DB6843}.Release|Any CPU.ActiveCfg = Release|x86
		{B8CA49DD-75DE-44CE-AC58-88AC25DB6843}.Release|ARM.ActiveCfg = Release|ARM
		{B8CA49DD-75DE-44CE-AC58-88AC25DB6843}.Release|ARM.Build.0 = Release|ARM
		{B8CA49DD-75DE-44CE-AC58-88AC25DB6843}.Release|ARM.Deploy.0 = Release|ARM
		{B8CA49DD-75DE-44CE-AC58-88AC25DB6843}.Release|ARM64.ActiveCfg = Release|ARM64
		{B8CA49DD-75DE-44CE-AC58-88AC25DB6843}.Release|ARM64.Build.0 = Release|ARM64
		{B8CA49DD-75DE-44CE-AC58-88AC25DB6843}.Release|ARM64.Deploy.0 = Release|ARM64
		{B8CA49DD-75DE-44CE-AC58-88AC25DB6843}.Release|iPhone.ActiveCfg = Release|x86
		{B8CA49DD-75DE-44CE-AC58-88AC25DB6843}.Release|iPhoneSimulator.ActiveCfg = Release|x86
		{B8CA49DD-75DE-44CE-AC58-88AC25DB6843}.Release|x64.ActiveCfg = Release|x64
		{B8CA49DD-75DE-44CE-AC58-88AC25DB6843}.Release|x64.Build.0 = Release|x64
		{B8CA49DD-75DE-44CE-AC58-88AC25DB6843}.Release|x64.Deploy.0 = Release|x64
		{B8CA49DD-75DE-44CE-AC58-88AC25DB6843}.Release|x86.ActiveCfg = Release|x86
		{B8CA49DD-75DE-44CE-AC58-88AC25DB6843}.Release|x86.Build.0 = Release|x86
		{B8CA49DD-75DE-44CE-AC58-88AC25DB6843}.Release|x86.Deploy.0 = Release|x86
		{D8859E46-1F27-4747-ACF1-3F2FDDABE511}.Ad-Hoc|Any CPU.ActiveCfg = Debug|Any CPU
		{D8859E46-1F27-4747-ACF1-3F2FDDABE511}.Ad-Hoc|Any CPU.Build.0 = Debug|Any CPU
		{D8859E46-1F27-4747-ACF1-3F2FDDABE511}.Ad-Hoc|ARM.ActiveCfg = Debug|Any CPU
		{D8859E46-1F27-4747-ACF1-3F2FDDABE511}.Ad-Hoc|ARM.Build.0 = Debug|Any CPU
		{D8859E46-1F27-4747-ACF1-3F2FDDABE511}.Ad-Hoc|ARM64.ActiveCfg = Debug|Any CPU
		{D8859E46-1F27-4747-ACF1-3F2FDDABE511}.Ad-Hoc|ARM64.Build.0 = Debug|Any CPU
		{D8859E46-1F27-4747-ACF1-3F2FDDABE511}.Ad-Hoc|iPhone.ActiveCfg = Debug|Any CPU
		{D8859E46-1F27-4747-ACF1-3F2FDDABE511}.Ad-Hoc|iPhone.Build.0 = Debug|Any CPU
		{D8859E46-1F27-4747-ACF1-3F2FDDABE511}.Ad-Hoc|iPhoneSimulator.ActiveCfg = Debug|Any CPU
		{D8859E46-1F27-4747-ACF1-3F2FDDABE511}.Ad-Hoc|iPhoneSimulator.Build.0 = Debug|Any CPU
		{D8859E46-1F27-4747-ACF1-3F2FDDABE511}.Ad-Hoc|x64.ActiveCfg = Debug|Any CPU
		{D8859E46-1F27-4747-ACF1-3F2FDDABE511}.Ad-Hoc|x64.Build.0 = Debug|Any CPU
		{D8859E46-1F27-4747-ACF1-3F2FDDABE511}.Ad-Hoc|x86.ActiveCfg = Debug|Any CPU
		{D8859E46-1F27-4747-ACF1-3F2FDDABE511}.Ad-Hoc|x86.Build.0 = Debug|Any CPU
		{D8859E46-1F27-4747-ACF1-3F2FDDABE511}.AppStore|Any CPU.ActiveCfg = Debug|Any CPU
		{D8859E46-1F27-4747-ACF1-3F2FDDABE511}.AppStore|Any CPU.Build.0 = Debug|Any CPU
		{D8859E46-1F27-4747-ACF1-3F2FDDABE511}.AppStore|ARM.ActiveCfg = Debug|Any CPU
		{D8859E46-1F27-4747-ACF1-3F2FDDABE511}.AppStore|ARM.Build.0 = Debug|Any CPU
		{D8859E46-1F27-4747-ACF1-3F2FDDABE511}.AppStore|ARM64.ActiveCfg = Debug|Any CPU
		{D8859E46-1F27-4747-ACF1-3F2FDDABE511}.AppStore|ARM64.Build.0 = Debug|Any CPU
		{D8859E46-1F27-4747-ACF1-3F2FDDABE511}.AppStore|iPhone.ActiveCfg = Debug|Any CPU
		{D8859E46-1F27-4747-ACF1-3F2FDDABE511}.AppStore|iPhone.Build.0 = Debug|Any CPU
		{D8859E46-1F27-4747-ACF1-3F2FDDABE511}.AppStore|iPhoneSimulator.ActiveCfg = Debug|Any CPU
		{D8859E46-1F27-4747-ACF1-3F2FDDABE511}.AppStore|iPhoneSimulator.Build.0 = Debug|Any CPU
		{D8859E46-1F27-4747-ACF1-3F2FDDABE511}.AppStore|x64.ActiveCfg = Debug|Any CPU
		{D8859E46-1F27-4747-ACF1-3F2FDDABE511}.AppStore|x64.Build.0 = Debug|Any CPU
		{D8859E46-1F27-4747-ACF1-3F2FDDABE511}.AppStore|x86.ActiveCfg = Debug|Any CPU
		{D8859E46-1F27-4747-ACF1-3F2FDDABE511}.AppStore|x86.Build.0 = Debug|Any CPU
		{D8859E46-1F27-4747-ACF1-3F2FDDABE511}.Debug|Any CPU.ActiveCfg = Debug|Any CPU
		{D8859E46-1F27-4747-ACF1-3F2FDDABE511}.Debug|Any CPU.Build.0 = Debug|Any CPU
		{D8859E46-1F27-4747-ACF1-3F2FDDABE511}.Debug|ARM.ActiveCfg = Debug|Any CPU
		{D8859E46-1F27-4747-ACF1-3F2FDDABE511}.Debug|ARM.Build.0 = Debug|Any CPU
		{D8859E46-1F27-4747-ACF1-3F2FDDABE511}.Debug|ARM64.ActiveCfg = Debug|Any CPU
		{D8859E46-1F27-4747-ACF1-3F2FDDABE511}.Debug|ARM64.Build.0 = Debug|Any CPU
		{D8859E46-1F27-4747-ACF1-3F2FDDABE511}.Debug|iPhone.ActiveCfg = Debug|Any CPU
		{D8859E46-1F27-4747-ACF1-3F2FDDABE511}.Debug|iPhone.Build.0 = Debug|Any CPU
		{D8859E46-1F27-4747-ACF1-3F2FDDABE511}.Debug|iPhoneSimulator.ActiveCfg = Debug|Any CPU
		{D8859E46-1F27-4747-ACF1-3F2FDDABE511}.Debug|iPhoneSimulator.Build.0 = Debug|Any CPU
		{D8859E46-1F27-4747-ACF1-3F2FDDABE511}.Debug|x64.ActiveCfg = Debug|Any CPU
		{D8859E46-1F27-4747-ACF1-3F2FDDABE511}.Debug|x64.Build.0 = Debug|Any CPU
		{D8859E46-1F27-4747-ACF1-3F2FDDABE511}.Debug|x86.ActiveCfg = Debug|Any CPU
		{D8859E46-1F27-4747-ACF1-3F2FDDABE511}.Debug|x86.Build.0 = Debug|Any CPU
		{D8859E46-1F27-4747-ACF1-3F2FDDABE511}.Release|Any CPU.ActiveCfg = Release|Any CPU
		{D8859E46-1F27-4747-ACF1-3F2FDDABE511}.Release|Any CPU.Build.0 = Release|Any CPU
		{D8859E46-1F27-4747-ACF1-3F2FDDABE511}.Release|ARM.ActiveCfg = Release|Any CPU
		{D8859E46-1F27-4747-ACF1-3F2FDDABE511}.Release|ARM.Build.0 = Release|Any CPU
		{D8859E46-1F27-4747-ACF1-3F2FDDABE511}.Release|ARM64.ActiveCfg = Release|Any CPU
		{D8859E46-1F27-4747-ACF1-3F2FDDABE511}.Release|ARM64.Build.0 = Release|Any CPU
		{D8859E46-1F27-4747-ACF1-3F2FDDABE511}.Release|iPhone.ActiveCfg = Release|Any CPU
		{D8859E46-1F27-4747-ACF1-3F2FDDABE511}.Release|iPhone.Build.0 = Release|Any CPU
		{D8859E46-1F27-4747-ACF1-3F2FDDABE511}.Release|iPhoneSimulator.ActiveCfg = Release|Any CPU
		{D8859E46-1F27-4747-ACF1-3F2FDDABE511}.Release|iPhoneSimulator.Build.0 = Release|Any CPU
		{D8859E46-1F27-4747-ACF1-3F2FDDABE511}.Release|x64.ActiveCfg = Release|Any CPU
		{D8859E46-1F27-4747-ACF1-3F2FDDABE511}.Release|x64.Build.0 = Release|Any CPU
		{D8859E46-1F27-4747-ACF1-3F2FDDABE511}.Release|x86.ActiveCfg = Release|Any CPU
		{D8859E46-1F27-4747-ACF1-3F2FDDABE511}.Release|x86.Build.0 = Release|Any CPU
		{D7EE6FF8-FEC6-4CFB-86F3-D349D304DAF4}.Ad-Hoc|Any CPU.ActiveCfg = Debug|iPhoneSimulator
		{D7EE6FF8-FEC6-4CFB-86F3-D349D304DAF4}.Ad-Hoc|Any CPU.Build.0 = Debug|iPhoneSimulator
		{D7EE6FF8-FEC6-4CFB-86F3-D349D304DAF4}.Ad-Hoc|ARM.ActiveCfg = Debug|iPhoneSimulator
		{D7EE6FF8-FEC6-4CFB-86F3-D349D304DAF4}.Ad-Hoc|ARM.Build.0 = Debug|iPhoneSimulator
		{D7EE6FF8-FEC6-4CFB-86F3-D349D304DAF4}.Ad-Hoc|ARM64.ActiveCfg = Debug|iPhoneSimulator
		{D7EE6FF8-FEC6-4CFB-86F3-D349D304DAF4}.Ad-Hoc|ARM64.Build.0 = Debug|iPhoneSimulator
		{D7EE6FF8-FEC6-4CFB-86F3-D349D304DAF4}.Ad-Hoc|iPhone.ActiveCfg = Debug|iPhoneSimulator
		{D7EE6FF8-FEC6-4CFB-86F3-D349D304DAF4}.Ad-Hoc|iPhone.Build.0 = Debug|iPhoneSimulator
		{D7EE6FF8-FEC6-4CFB-86F3-D349D304DAF4}.Ad-Hoc|iPhoneSimulator.ActiveCfg = Debug|iPhoneSimulator
		{D7EE6FF8-FEC6-4CFB-86F3-D349D304DAF4}.Ad-Hoc|iPhoneSimulator.Build.0 = Debug|iPhoneSimulator
		{D7EE6FF8-FEC6-4CFB-86F3-D349D304DAF4}.Ad-Hoc|x64.ActiveCfg = Debug|iPhoneSimulator
		{D7EE6FF8-FEC6-4CFB-86F3-D349D304DAF4}.Ad-Hoc|x64.Build.0 = Debug|iPhoneSimulator
		{D7EE6FF8-FEC6-4CFB-86F3-D349D304DAF4}.Ad-Hoc|x86.ActiveCfg = Debug|iPhoneSimulator
		{D7EE6FF8-FEC6-4CFB-86F3-D349D304DAF4}.Ad-Hoc|x86.Build.0 = Debug|iPhoneSimulator
		{D7EE6FF8-FEC6-4CFB-86F3-D349D304DAF4}.AppStore|Any CPU.ActiveCfg = Debug|iPhoneSimulator
		{D7EE6FF8-FEC6-4CFB-86F3-D349D304DAF4}.AppStore|Any CPU.Build.0 = Debug|iPhoneSimulator
		{D7EE6FF8-FEC6-4CFB-86F3-D349D304DAF4}.AppStore|ARM.ActiveCfg = Debug|iPhoneSimulator
		{D7EE6FF8-FEC6-4CFB-86F3-D349D304DAF4}.AppStore|ARM.Build.0 = Debug|iPhoneSimulator
		{D7EE6FF8-FEC6-4CFB-86F3-D349D304DAF4}.AppStore|ARM64.ActiveCfg = Debug|iPhoneSimulator
		{D7EE6FF8-FEC6-4CFB-86F3-D349D304DAF4}.AppStore|ARM64.Build.0 = Debug|iPhoneSimulator
		{D7EE6FF8-FEC6-4CFB-86F3-D349D304DAF4}.AppStore|iPhone.ActiveCfg = Debug|iPhoneSimulator
		{D7EE6FF8-FEC6-4CFB-86F3-D349D304DAF4}.AppStore|iPhone.Build.0 = Debug|iPhoneSimulator
		{D7EE6FF8-FEC6-4CFB-86F3-D349D304DAF4}.AppStore|iPhoneSimulator.ActiveCfg = Debug|iPhoneSimulator
		{D7EE6FF8-FEC6-4CFB-86F3-D349D304DAF4}.AppStore|iPhoneSimulator.Build.0 = Debug|iPhoneSimulator
		{D7EE6FF8-FEC6-4CFB-86F3-D349D304DAF4}.AppStore|x64.ActiveCfg = Debug|iPhoneSimulator
		{D7EE6FF8-FEC6-4CFB-86F3-D349D304DAF4}.AppStore|x64.Build.0 = Debug|iPhoneSimulator
		{D7EE6FF8-FEC6-4CFB-86F3-D349D304DAF4}.AppStore|x86.ActiveCfg = Debug|iPhoneSimulator
		{D7EE6FF8-FEC6-4CFB-86F3-D349D304DAF4}.AppStore|x86.Build.0 = Debug|iPhoneSimulator
		{D7EE6FF8-FEC6-4CFB-86F3-D349D304DAF4}.Debug|Any CPU.ActiveCfg = Debug|iPhoneSimulator
		{D7EE6FF8-FEC6-4CFB-86F3-D349D304DAF4}.Debug|ARM.ActiveCfg = Debug|iPhoneSimulator
		{D7EE6FF8-FEC6-4CFB-86F3-D349D304DAF4}.Debug|ARM64.ActiveCfg = Debug|iPhoneSimulator
		{D7EE6FF8-FEC6-4CFB-86F3-D349D304DAF4}.Debug|iPhone.ActiveCfg = Debug|iPhoneSimulator
		{D7EE6FF8-FEC6-4CFB-86F3-D349D304DAF4}.Debug|iPhoneSimulator.ActiveCfg = Debug|iPhoneSimulator
		{D7EE6FF8-FEC6-4CFB-86F3-D349D304DAF4}.Debug|iPhoneSimulator.Build.0 = Debug|iPhoneSimulator
		{D7EE6FF8-FEC6-4CFB-86F3-D349D304DAF4}.Debug|x64.ActiveCfg = Debug|iPhoneSimulator
		{D7EE6FF8-FEC6-4CFB-86F3-D349D304DAF4}.Debug|x86.ActiveCfg = Debug|iPhoneSimulator
		{D7EE6FF8-FEC6-4CFB-86F3-D349D304DAF4}.Release|Any CPU.ActiveCfg = Release|iPhoneSimulator
		{D7EE6FF8-FEC6-4CFB-86F3-D349D304DAF4}.Release|ARM.ActiveCfg = Release|iPhoneSimulator
		{D7EE6FF8-FEC6-4CFB-86F3-D349D304DAF4}.Release|ARM64.ActiveCfg = Release|iPhoneSimulator
		{D7EE6FF8-FEC6-4CFB-86F3-D349D304DAF4}.Release|iPhone.ActiveCfg = Release|iPhoneSimulator
		{D7EE6FF8-FEC6-4CFB-86F3-D349D304DAF4}.Release|iPhoneSimulator.ActiveCfg = Release|iPhoneSimulator
		{D7EE6FF8-FEC6-4CFB-86F3-D349D304DAF4}.Release|iPhoneSimulator.Build.0 = Release|iPhoneSimulator
		{D7EE6FF8-FEC6-4CFB-86F3-D349D304DAF4}.Release|x64.ActiveCfg = Release|iPhoneSimulator
		{D7EE6FF8-FEC6-4CFB-86F3-D349D304DAF4}.Release|x86.ActiveCfg = Release|iPhoneSimulator
		{CDA5DCAD-EA45-4A46-B3E9-F51325B0F36E}.Ad-Hoc|Any CPU.ActiveCfg = Debug|Any CPU
		{CDA5DCAD-EA45-4A46-B3E9-F51325B0F36E}.Ad-Hoc|Any CPU.Build.0 = Debug|Any CPU
		{CDA5DCAD-EA45-4A46-B3E9-F51325B0F36E}.Ad-Hoc|ARM.ActiveCfg = Debug|Any CPU
		{CDA5DCAD-EA45-4A46-B3E9-F51325B0F36E}.Ad-Hoc|ARM.Build.0 = Debug|Any CPU
		{CDA5DCAD-EA45-4A46-B3E9-F51325B0F36E}.Ad-Hoc|ARM64.ActiveCfg = Debug|Any CPU
		{CDA5DCAD-EA45-4A46-B3E9-F51325B0F36E}.Ad-Hoc|ARM64.Build.0 = Debug|Any CPU
		{CDA5DCAD-EA45-4A46-B3E9-F51325B0F36E}.Ad-Hoc|iPhone.ActiveCfg = Debug|Any CPU
		{CDA5DCAD-EA45-4A46-B3E9-F51325B0F36E}.Ad-Hoc|iPhone.Build.0 = Debug|Any CPU
		{CDA5DCAD-EA45-4A46-B3E9-F51325B0F36E}.Ad-Hoc|iPhoneSimulator.ActiveCfg = Debug|Any CPU
		{CDA5DCAD-EA45-4A46-B3E9-F51325B0F36E}.Ad-Hoc|iPhoneSimulator.Build.0 = Debug|Any CPU
		{CDA5DCAD-EA45-4A46-B3E9-F51325B0F36E}.Ad-Hoc|x64.ActiveCfg = Debug|Any CPU
		{CDA5DCAD-EA45-4A46-B3E9-F51325B0F36E}.Ad-Hoc|x64.Build.0 = Debug|Any CPU
		{CDA5DCAD-EA45-4A46-B3E9-F51325B0F36E}.Ad-Hoc|x86.ActiveCfg = Debug|Any CPU
		{CDA5DCAD-EA45-4A46-B3E9-F51325B0F36E}.Ad-Hoc|x86.Build.0 = Debug|Any CPU
		{CDA5DCAD-EA45-4A46-B3E9-F51325B0F36E}.AppStore|Any CPU.ActiveCfg = Debug|Any CPU
		{CDA5DCAD-EA45-4A46-B3E9-F51325B0F36E}.AppStore|Any CPU.Build.0 = Debug|Any CPU
		{CDA5DCAD-EA45-4A46-B3E9-F51325B0F36E}.AppStore|ARM.ActiveCfg = Debug|Any CPU
		{CDA5DCAD-EA45-4A46-B3E9-F51325B0F36E}.AppStore|ARM.Build.0 = Debug|Any CPU
		{CDA5DCAD-EA45-4A46-B3E9-F51325B0F36E}.AppStore|ARM64.ActiveCfg = Debug|Any CPU
		{CDA5DCAD-EA45-4A46-B3E9-F51325B0F36E}.AppStore|ARM64.Build.0 = Debug|Any CPU
		{CDA5DCAD-EA45-4A46-B3E9-F51325B0F36E}.AppStore|iPhone.ActiveCfg = Debug|Any CPU
		{CDA5DCAD-EA45-4A46-B3E9-F51325B0F36E}.AppStore|iPhone.Build.0 = Debug|Any CPU
		{CDA5DCAD-EA45-4A46-B3E9-F51325B0F36E}.AppStore|iPhoneSimulator.ActiveCfg = Debug|Any CPU
		{CDA5DCAD-EA45-4A46-B3E9-F51325B0F36E}.AppStore|iPhoneSimulator.Build.0 = Debug|Any CPU
		{CDA5DCAD-EA45-4A46-B3E9-F51325B0F36E}.AppStore|x64.ActiveCfg = Debug|Any CPU
		{CDA5DCAD-EA45-4A46-B3E9-F51325B0F36E}.AppStore|x64.Build.0 = Debug|Any CPU
		{CDA5DCAD-EA45-4A46-B3E9-F51325B0F36E}.AppStore|x86.ActiveCfg = Debug|Any CPU
		{CDA5DCAD-EA45-4A46-B3E9-F51325B0F36E}.AppStore|x86.Build.0 = Debug|Any CPU
		{CDA5DCAD-EA45-4A46-B3E9-F51325B0F36E}.Debug|Any CPU.ActiveCfg = Debug|Any CPU
		{CDA5DCAD-EA45-4A46-B3E9-F51325B0F36E}.Debug|Any CPU.Build.0 = Debug|Any CPU
		{CDA5DCAD-EA45-4A46-B3E9-F51325B0F36E}.Debug|ARM.ActiveCfg = Debug|Any CPU
		{CDA5DCAD-EA45-4A46-B3E9-F51325B0F36E}.Debug|ARM.Build.0 = Debug|Any CPU
		{CDA5DCAD-EA45-4A46-B3E9-F51325B0F36E}.Debug|ARM64.ActiveCfg = Debug|Any CPU
		{CDA5DCAD-EA45-4A46-B3E9-F51325B0F36E}.Debug|ARM64.Build.0 = Debug|Any CPU
		{CDA5DCAD-EA45-4A46-B3E9-F51325B0F36E}.Debug|iPhone.ActiveCfg = Debug|Any CPU
		{CDA5DCAD-EA45-4A46-B3E9-F51325B0F36E}.Debug|iPhone.Build.0 = Debug|Any CPU
		{CDA5DCAD-EA45-4A46-B3E9-F51325B0F36E}.Debug|iPhoneSimulator.ActiveCfg = Debug|Any CPU
		{CDA5DCAD-EA45-4A46-B3E9-F51325B0F36E}.Debug|iPhoneSimulator.Build.0 = Debug|Any CPU
		{CDA5DCAD-EA45-4A46-B3E9-F51325B0F36E}.Debug|x64.ActiveCfg = Debug|Any CPU
		{CDA5DCAD-EA45-4A46-B3E9-F51325B0F36E}.Debug|x64.Build.0 = Debug|Any CPU
		{CDA5DCAD-EA45-4A46-B3E9-F51325B0F36E}.Debug|x86.ActiveCfg = Debug|Any CPU
		{CDA5DCAD-EA45-4A46-B3E9-F51325B0F36E}.Debug|x86.Build.0 = Debug|Any CPU
		{CDA5DCAD-EA45-4A46-B3E9-F51325B0F36E}.Release|Any CPU.ActiveCfg = Release|Any CPU
		{CDA5DCAD-EA45-4A46-B3E9-F51325B0F36E}.Release|Any CPU.Build.0 = Release|Any CPU
		{CDA5DCAD-EA45-4A46-B3E9-F51325B0F36E}.Release|ARM.ActiveCfg = Release|Any CPU
		{CDA5DCAD-EA45-4A46-B3E9-F51325B0F36E}.Release|ARM.Build.0 = Release|Any CPU
		{CDA5DCAD-EA45-4A46-B3E9-F51325B0F36E}.Release|ARM64.ActiveCfg = Release|Any CPU
		{CDA5DCAD-EA45-4A46-B3E9-F51325B0F36E}.Release|ARM64.Build.0 = Release|Any CPU
		{CDA5DCAD-EA45-4A46-B3E9-F51325B0F36E}.Release|iPhone.ActiveCfg = Release|Any CPU
		{CDA5DCAD-EA45-4A46-B3E9-F51325B0F36E}.Release|iPhone.Build.0 = Release|Any CPU
		{CDA5DCAD-EA45-4A46-B3E9-F51325B0F36E}.Release|iPhoneSimulator.ActiveCfg = Release|Any CPU
		{CDA5DCAD-EA45-4A46-B3E9-F51325B0F36E}.Release|iPhoneSimulator.Build.0 = Release|Any CPU
		{CDA5DCAD-EA45-4A46-B3E9-F51325B0F36E}.Release|x64.ActiveCfg = Release|Any CPU
		{CDA5DCAD-EA45-4A46-B3E9-F51325B0F36E}.Release|x64.Build.0 = Release|Any CPU
		{CDA5DCAD-EA45-4A46-B3E9-F51325B0F36E}.Release|x86.ActiveCfg = Release|Any CPU
		{CDA5DCAD-EA45-4A46-B3E9-F51325B0F36E}.Release|x86.Build.0 = Release|Any CPU
		{E5BE2083-0F08-4B15-844D-70392E364811}.Ad-Hoc|Any CPU.ActiveCfg = Debug|Any CPU
		{E5BE2083-0F08-4B15-844D-70392E364811}.Ad-Hoc|Any CPU.Build.0 = Debug|Any CPU
		{E5BE2083-0F08-4B15-844D-70392E364811}.Ad-Hoc|ARM.ActiveCfg = Debug|Any CPU
		{E5BE2083-0F08-4B15-844D-70392E364811}.Ad-Hoc|ARM.Build.0 = Debug|Any CPU
		{E5BE2083-0F08-4B15-844D-70392E364811}.Ad-Hoc|ARM64.ActiveCfg = Debug|Any CPU
		{E5BE2083-0F08-4B15-844D-70392E364811}.Ad-Hoc|ARM64.Build.0 = Debug|Any CPU
		{E5BE2083-0F08-4B15-844D-70392E364811}.Ad-Hoc|iPhone.ActiveCfg = Debug|Any CPU
		{E5BE2083-0F08-4B15-844D-70392E364811}.Ad-Hoc|iPhone.Build.0 = Debug|Any CPU
		{E5BE2083-0F08-4B15-844D-70392E364811}.Ad-Hoc|iPhoneSimulator.ActiveCfg = Debug|Any CPU
		{E5BE2083-0F08-4B15-844D-70392E364811}.Ad-Hoc|iPhoneSimulator.Build.0 = Debug|Any CPU
		{E5BE2083-0F08-4B15-844D-70392E364811}.Ad-Hoc|x64.ActiveCfg = Debug|Any CPU
		{E5BE2083-0F08-4B15-844D-70392E364811}.Ad-Hoc|x64.Build.0 = Debug|Any CPU
		{E5BE2083-0F08-4B15-844D-70392E364811}.Ad-Hoc|x86.ActiveCfg = Debug|Any CPU
		{E5BE2083-0F08-4B15-844D-70392E364811}.Ad-Hoc|x86.Build.0 = Debug|Any CPU
		{E5BE2083-0F08-4B15-844D-70392E364811}.AppStore|Any CPU.ActiveCfg = Debug|Any CPU
		{E5BE2083-0F08-4B15-844D-70392E364811}.AppStore|Any CPU.Build.0 = Debug|Any CPU
		{E5BE2083-0F08-4B15-844D-70392E364811}.AppStore|ARM.ActiveCfg = Debug|Any CPU
		{E5BE2083-0F08-4B15-844D-70392E364811}.AppStore|ARM.Build.0 = Debug|Any CPU
		{E5BE2083-0F08-4B15-844D-70392E364811}.AppStore|ARM64.ActiveCfg = Debug|Any CPU
		{E5BE2083-0F08-4B15-844D-70392E364811}.AppStore|ARM64.Build.0 = Debug|Any CPU
		{E5BE2083-0F08-4B15-844D-70392E364811}.AppStore|iPhone.ActiveCfg = Debug|Any CPU
		{E5BE2083-0F08-4B15-844D-70392E364811}.AppStore|iPhone.Build.0 = Debug|Any CPU
		{E5BE2083-0F08-4B15-844D-70392E364811}.AppStore|iPhoneSimulator.ActiveCfg = Debug|Any CPU
		{E5BE2083-0F08-4B15-844D-70392E364811}.AppStore|iPhoneSimulator.Build.0 = Debug|Any CPU
		{E5BE2083-0F08-4B15-844D-70392E364811}.AppStore|x64.ActiveCfg = Debug|Any CPU
		{E5BE2083-0F08-4B15-844D-70392E364811}.AppStore|x64.Build.0 = Debug|Any CPU
		{E5BE2083-0F08-4B15-844D-70392E364811}.AppStore|x86.ActiveCfg = Debug|Any CPU
		{E5BE2083-0F08-4B15-844D-70392E364811}.AppStore|x86.Build.0 = Debug|Any CPU
		{E5BE2083-0F08-4B15-844D-70392E364811}.Debug|Any CPU.ActiveCfg = Debug|Any CPU
		{E5BE2083-0F08-4B15-844D-70392E364811}.Debug|Any CPU.Build.0 = Debug|Any CPU
		{E5BE2083-0F08-4B15-844D-70392E364811}.Debug|ARM.ActiveCfg = Debug|Any CPU
		{E5BE2083-0F08-4B15-844D-70392E364811}.Debug|ARM.Build.0 = Debug|Any CPU
		{E5BE2083-0F08-4B15-844D-70392E364811}.Debug|ARM64.ActiveCfg = Debug|Any CPU
		{E5BE2083-0F08-4B15-844D-70392E364811}.Debug|ARM64.Build.0 = Debug|Any CPU
		{E5BE2083-0F08-4B15-844D-70392E364811}.Debug|iPhone.ActiveCfg = Debug|Any CPU
		{E5BE2083-0F08-4B15-844D-70392E364811}.Debug|iPhone.Build.0 = Debug|Any CPU
		{E5BE2083-0F08-4B15-844D-70392E364811}.Debug|iPhoneSimulator.ActiveCfg = Debug|Any CPU
		{E5BE2083-0F08-4B15-844D-70392E364811}.Debug|iPhoneSimulator.Build.0 = Debug|Any CPU
		{E5BE2083-0F08-4B15-844D-70392E364811}.Debug|x64.ActiveCfg = Debug|Any CPU
		{E5BE2083-0F08-4B15-844D-70392E364811}.Debug|x64.Build.0 = Debug|Any CPU
		{E5BE2083-0F08-4B15-844D-70392E364811}.Debug|x86.ActiveCfg = Debug|Any CPU
		{E5BE2083-0F08-4B15-844D-70392E364811}.Debug|x86.Build.0 = Debug|Any CPU
		{E5BE2083-0F08-4B15-844D-70392E364811}.Release|Any CPU.ActiveCfg = Release|Any CPU
		{E5BE2083-0F08-4B15-844D-70392E364811}.Release|Any CPU.Build.0 = Release|Any CPU
		{E5BE2083-0F08-4B15-844D-70392E364811}.Release|ARM.ActiveCfg = Release|Any CPU
		{E5BE2083-0F08-4B15-844D-70392E364811}.Release|ARM.Build.0 = Release|Any CPU
		{E5BE2083-0F08-4B15-844D-70392E364811}.Release|ARM64.ActiveCfg = Release|Any CPU
		{E5BE2083-0F08-4B15-844D-70392E364811}.Release|ARM64.Build.0 = Release|Any CPU
		{E5BE2083-0F08-4B15-844D-70392E364811}.Release|iPhone.ActiveCfg = Release|Any CPU
		{E5BE2083-0F08-4B15-844D-70392E364811}.Release|iPhone.Build.0 = Release|Any CPU
		{E5BE2083-0F08-4B15-844D-70392E364811}.Release|iPhoneSimulator.ActiveCfg = Release|Any CPU
		{E5BE2083-0F08-4B15-844D-70392E364811}.Release|iPhoneSimulator.Build.0 = Release|Any CPU
		{E5BE2083-0F08-4B15-844D-70392E364811}.Release|x64.ActiveCfg = Release|Any CPU
		{E5BE2083-0F08-4B15-844D-70392E364811}.Release|x64.Build.0 = Release|Any CPU
		{E5BE2083-0F08-4B15-844D-70392E364811}.Release|x86.ActiveCfg = Release|Any CPU
		{E5BE2083-0F08-4B15-844D-70392E364811}.Release|x86.Build.0 = Release|Any CPU
		{96BB0A42-6C2A-4204-B0BC-529D4C54F434}.Ad-Hoc|Any CPU.ActiveCfg = Debug|Any CPU
		{96BB0A42-6C2A-4204-B0BC-529D4C54F434}.Ad-Hoc|Any CPU.Build.0 = Debug|Any CPU
		{96BB0A42-6C2A-4204-B0BC-529D4C54F434}.Ad-Hoc|ARM.ActiveCfg = Debug|Any CPU
		{96BB0A42-6C2A-4204-B0BC-529D4C54F434}.Ad-Hoc|ARM.Build.0 = Debug|Any CPU
		{96BB0A42-6C2A-4204-B0BC-529D4C54F434}.Ad-Hoc|ARM64.ActiveCfg = Debug|Any CPU
		{96BB0A42-6C2A-4204-B0BC-529D4C54F434}.Ad-Hoc|ARM64.Build.0 = Debug|Any CPU
		{96BB0A42-6C2A-4204-B0BC-529D4C54F434}.Ad-Hoc|iPhone.ActiveCfg = Debug|Any CPU
		{96BB0A42-6C2A-4204-B0BC-529D4C54F434}.Ad-Hoc|iPhone.Build.0 = Debug|Any CPU
		{96BB0A42-6C2A-4204-B0BC-529D4C54F434}.Ad-Hoc|iPhoneSimulator.ActiveCfg = Debug|Any CPU
		{96BB0A42-6C2A-4204-B0BC-529D4C54F434}.Ad-Hoc|iPhoneSimulator.Build.0 = Debug|Any CPU
		{96BB0A42-6C2A-4204-B0BC-529D4C54F434}.Ad-Hoc|x64.ActiveCfg = Debug|Any CPU
		{96BB0A42-6C2A-4204-B0BC-529D4C54F434}.Ad-Hoc|x64.Build.0 = Debug|Any CPU
		{96BB0A42-6C2A-4204-B0BC-529D4C54F434}.Ad-Hoc|x86.ActiveCfg = Debug|Any CPU
		{96BB0A42-6C2A-4204-B0BC-529D4C54F434}.Ad-Hoc|x86.Build.0 = Debug|Any CPU
		{96BB0A42-6C2A-4204-B0BC-529D4C54F434}.AppStore|Any CPU.ActiveCfg = Debug|Any CPU
		{96BB0A42-6C2A-4204-B0BC-529D4C54F434}.AppStore|Any CPU.Build.0 = Debug|Any CPU
		{96BB0A42-6C2A-4204-B0BC-529D4C54F434}.AppStore|ARM.ActiveCfg = Debug|Any CPU
		{96BB0A42-6C2A-4204-B0BC-529D4C54F434}.AppStore|ARM.Build.0 = Debug|Any CPU
		{96BB0A42-6C2A-4204-B0BC-529D4C54F434}.AppStore|ARM64.ActiveCfg = Debug|Any CPU
		{96BB0A42-6C2A-4204-B0BC-529D4C54F434}.AppStore|ARM64.Build.0 = Debug|Any CPU
		{96BB0A42-6C2A-4204-B0BC-529D4C54F434}.AppStore|iPhone.ActiveCfg = Debug|Any CPU
		{96BB0A42-6C2A-4204-B0BC-529D4C54F434}.AppStore|iPhone.Build.0 = Debug|Any CPU
		{96BB0A42-6C2A-4204-B0BC-529D4C54F434}.AppStore|iPhoneSimulator.ActiveCfg = Debug|Any CPU
		{96BB0A42-6C2A-4204-B0BC-529D4C54F434}.AppStore|iPhoneSimulator.Build.0 = Debug|Any CPU
		{96BB0A42-6C2A-4204-B0BC-529D4C54F434}.AppStore|x64.ActiveCfg = Debug|Any CPU
		{96BB0A42-6C2A-4204-B0BC-529D4C54F434}.AppStore|x64.Build.0 = Debug|Any CPU
		{96BB0A42-6C2A-4204-B0BC-529D4C54F434}.AppStore|x86.ActiveCfg = Debug|Any CPU
		{96BB0A42-6C2A-4204-B0BC-529D4C54F434}.AppStore|x86.Build.0 = Debug|Any CPU
		{96BB0A42-6C2A-4204-B0BC-529D4C54F434}.Debug|Any CPU.ActiveCfg = Debug|Any CPU
		{96BB0A42-6C2A-4204-B0BC-529D4C54F434}.Debug|Any CPU.Build.0 = Debug|Any CPU
		{96BB0A42-6C2A-4204-B0BC-529D4C54F434}.Debug|ARM.ActiveCfg = Debug|Any CPU
		{96BB0A42-6C2A-4204-B0BC-529D4C54F434}.Debug|ARM.Build.0 = Debug|Any CPU
		{96BB0A42-6C2A-4204-B0BC-529D4C54F434}.Debug|ARM64.ActiveCfg = Debug|Any CPU
		{96BB0A42-6C2A-4204-B0BC-529D4C54F434}.Debug|ARM64.Build.0 = Debug|Any CPU
		{96BB0A42-6C2A-4204-B0BC-529D4C54F434}.Debug|iPhone.ActiveCfg = Debug|Any CPU
		{96BB0A42-6C2A-4204-B0BC-529D4C54F434}.Debug|iPhone.Build.0 = Debug|Any CPU
		{96BB0A42-6C2A-4204-B0BC-529D4C54F434}.Debug|iPhoneSimulator.ActiveCfg = Debug|Any CPU
		{96BB0A42-6C2A-4204-B0BC-529D4C54F434}.Debug|iPhoneSimulator.Build.0 = Debug|Any CPU
		{96BB0A42-6C2A-4204-B0BC-529D4C54F434}.Debug|x64.ActiveCfg = Debug|Any CPU
		{96BB0A42-6C2A-4204-B0BC-529D4C54F434}.Debug|x64.Build.0 = Debug|Any CPU
		{96BB0A42-6C2A-4204-B0BC-529D4C54F434}.Debug|x86.ActiveCfg = Debug|Any CPU
		{96BB0A42-6C2A-4204-B0BC-529D4C54F434}.Debug|x86.Build.0 = Debug|Any CPU
		{96BB0A42-6C2A-4204-B0BC-529D4C54F434}.Release|Any CPU.ActiveCfg = Release|Any CPU
		{96BB0A42-6C2A-4204-B0BC-529D4C54F434}.Release|Any CPU.Build.0 = Release|Any CPU
		{96BB0A42-6C2A-4204-B0BC-529D4C54F434}.Release|ARM.ActiveCfg = Release|Any CPU
		{96BB0A42-6C2A-4204-B0BC-529D4C54F434}.Release|ARM.Build.0 = Release|Any CPU
		{96BB0A42-6C2A-4204-B0BC-529D4C54F434}.Release|ARM64.ActiveCfg = Release|Any CPU
		{96BB0A42-6C2A-4204-B0BC-529D4C54F434}.Release|ARM64.Build.0 = Release|Any CPU
		{96BB0A42-6C2A-4204-B0BC-529D4C54F434}.Release|iPhone.ActiveCfg = Release|Any CPU
		{96BB0A42-6C2A-4204-B0BC-529D4C54F434}.Release|iPhone.Build.0 = Release|Any CPU
		{96BB0A42-6C2A-4204-B0BC-529D4C54F434}.Release|iPhoneSimulator.ActiveCfg = Release|Any CPU
		{96BB0A42-6C2A-4204-B0BC-529D4C54F434}.Release|iPhoneSimulator.Build.0 = Release|Any CPU
		{96BB0A42-6C2A-4204-B0BC-529D4C54F434}.Release|x64.ActiveCfg = Release|Any CPU
		{96BB0A42-6C2A-4204-B0BC-529D4C54F434}.Release|x64.Build.0 = Release|Any CPU
		{96BB0A42-6C2A-4204-B0BC-529D4C54F434}.Release|x86.ActiveCfg = Release|Any CPU
		{96BB0A42-6C2A-4204-B0BC-529D4C54F434}.Release|x86.Build.0 = Release|Any CPU
		{4CBE1314-8FA7-421A-A22C-B34CAC87BADD}.Ad-Hoc|Any CPU.ActiveCfg = Debug|Any CPU
		{4CBE1314-8FA7-421A-A22C-B34CAC87BADD}.Ad-Hoc|Any CPU.Build.0 = Debug|Any CPU
		{4CBE1314-8FA7-421A-A22C-B34CAC87BADD}.Ad-Hoc|ARM.ActiveCfg = Debug|Any CPU
		{4CBE1314-8FA7-421A-A22C-B34CAC87BADD}.Ad-Hoc|ARM.Build.0 = Debug|Any CPU
		{4CBE1314-8FA7-421A-A22C-B34CAC87BADD}.Ad-Hoc|ARM64.ActiveCfg = Debug|Any CPU
		{4CBE1314-8FA7-421A-A22C-B34CAC87BADD}.Ad-Hoc|ARM64.Build.0 = Debug|Any CPU
		{4CBE1314-8FA7-421A-A22C-B34CAC87BADD}.Ad-Hoc|iPhone.ActiveCfg = Debug|Any CPU
		{4CBE1314-8FA7-421A-A22C-B34CAC87BADD}.Ad-Hoc|iPhone.Build.0 = Debug|Any CPU
		{4CBE1314-8FA7-421A-A22C-B34CAC87BADD}.Ad-Hoc|iPhoneSimulator.ActiveCfg = Debug|Any CPU
		{4CBE1314-8FA7-421A-A22C-B34CAC87BADD}.Ad-Hoc|iPhoneSimulator.Build.0 = Debug|Any CPU
		{4CBE1314-8FA7-421A-A22C-B34CAC87BADD}.Ad-Hoc|x64.ActiveCfg = Debug|Any CPU
		{4CBE1314-8FA7-421A-A22C-B34CAC87BADD}.Ad-Hoc|x64.Build.0 = Debug|Any CPU
		{4CBE1314-8FA7-421A-A22C-B34CAC87BADD}.Ad-Hoc|x86.ActiveCfg = Debug|Any CPU
		{4CBE1314-8FA7-421A-A22C-B34CAC87BADD}.Ad-Hoc|x86.Build.0 = Debug|Any CPU
		{4CBE1314-8FA7-421A-A22C-B34CAC87BADD}.AppStore|Any CPU.ActiveCfg = Debug|Any CPU
		{4CBE1314-8FA7-421A-A22C-B34CAC87BADD}.AppStore|Any CPU.Build.0 = Debug|Any CPU
		{4CBE1314-8FA7-421A-A22C-B34CAC87BADD}.AppStore|ARM.ActiveCfg = Debug|Any CPU
		{4CBE1314-8FA7-421A-A22C-B34CAC87BADD}.AppStore|ARM.Build.0 = Debug|Any CPU
		{4CBE1314-8FA7-421A-A22C-B34CAC87BADD}.AppStore|ARM64.ActiveCfg = Debug|Any CPU
		{4CBE1314-8FA7-421A-A22C-B34CAC87BADD}.AppStore|ARM64.Build.0 = Debug|Any CPU
		{4CBE1314-8FA7-421A-A22C-B34CAC87BADD}.AppStore|iPhone.ActiveCfg = Debug|Any CPU
		{4CBE1314-8FA7-421A-A22C-B34CAC87BADD}.AppStore|iPhone.Build.0 = Debug|Any CPU
		{4CBE1314-8FA7-421A-A22C-B34CAC87BADD}.AppStore|iPhoneSimulator.ActiveCfg = Debug|Any CPU
		{4CBE1314-8FA7-421A-A22C-B34CAC87BADD}.AppStore|iPhoneSimulator.Build.0 = Debug|Any CPU
		{4CBE1314-8FA7-421A-A22C-B34CAC87BADD}.AppStore|x64.ActiveCfg = Debug|Any CPU
		{4CBE1314-8FA7-421A-A22C-B34CAC87BADD}.AppStore|x64.Build.0 = Debug|Any CPU
		{4CBE1314-8FA7-421A-A22C-B34CAC87BADD}.AppStore|x86.ActiveCfg = Debug|Any CPU
		{4CBE1314-8FA7-421A-A22C-B34CAC87BADD}.AppStore|x86.Build.0 = Debug|Any CPU
		{4CBE1314-8FA7-421A-A22C-B34CAC87BADD}.Debug|Any CPU.ActiveCfg = Debug|Any CPU
		{4CBE1314-8FA7-421A-A22C-B34CAC87BADD}.Debug|Any CPU.Build.0 = Debug|Any CPU
		{4CBE1314-8FA7-421A-A22C-B34CAC87BADD}.Debug|ARM.ActiveCfg = Debug|Any CPU
		{4CBE1314-8FA7-421A-A22C-B34CAC87BADD}.Debug|ARM.Build.0 = Debug|Any CPU
		{4CBE1314-8FA7-421A-A22C-B34CAC87BADD}.Debug|ARM64.ActiveCfg = Debug|Any CPU
		{4CBE1314-8FA7-421A-A22C-B34CAC87BADD}.Debug|ARM64.Build.0 = Debug|Any CPU
		{4CBE1314-8FA7-421A-A22C-B34CAC87BADD}.Debug|iPhone.ActiveCfg = Debug|Any CPU
		{4CBE1314-8FA7-421A-A22C-B34CAC87BADD}.Debug|iPhone.Build.0 = Debug|Any CPU
		{4CBE1314-8FA7-421A-A22C-B34CAC87BADD}.Debug|iPhoneSimulator.ActiveCfg = Debug|Any CPU
		{4CBE1314-8FA7-421A-A22C-B34CAC87BADD}.Debug|iPhoneSimulator.Build.0 = Debug|Any CPU
		{4CBE1314-8FA7-421A-A22C-B34CAC87BADD}.Debug|x64.ActiveCfg = Debug|Any CPU
		{4CBE1314-8FA7-421A-A22C-B34CAC87BADD}.Debug|x64.Build.0 = Debug|Any CPU
		{4CBE1314-8FA7-421A-A22C-B34CAC87BADD}.Debug|x86.ActiveCfg = Debug|Any CPU
		{4CBE1314-8FA7-421A-A22C-B34CAC87BADD}.Debug|x86.Build.0 = Debug|Any CPU
		{4CBE1314-8FA7-421A-A22C-B34CAC87BADD}.Release|Any CPU.ActiveCfg = Release|Any CPU
		{4CBE1314-8FA7-421A-A22C-B34CAC87BADD}.Release|Any CPU.Build.0 = Release|Any CPU
		{4CBE1314-8FA7-421A-A22C-B34CAC87BADD}.Release|ARM.ActiveCfg = Release|Any CPU
		{4CBE1314-8FA7-421A-A22C-B34CAC87BADD}.Release|ARM.Build.0 = Release|Any CPU
		{4CBE1314-8FA7-421A-A22C-B34CAC87BADD}.Release|ARM64.ActiveCfg = Release|Any CPU
		{4CBE1314-8FA7-421A-A22C-B34CAC87BADD}.Release|ARM64.Build.0 = Release|Any CPU
		{4CBE1314-8FA7-421A-A22C-B34CAC87BADD}.Release|iPhone.ActiveCfg = Release|Any CPU
		{4CBE1314-8FA7-421A-A22C-B34CAC87BADD}.Release|iPhone.Build.0 = Release|Any CPU
		{4CBE1314-8FA7-421A-A22C-B34CAC87BADD}.Release|iPhoneSimulator.ActiveCfg = Release|Any CPU
		{4CBE1314-8FA7-421A-A22C-B34CAC87BADD}.Release|iPhoneSimulator.Build.0 = Release|Any CPU
		{4CBE1314-8FA7-421A-A22C-B34CAC87BADD}.Release|x64.ActiveCfg = Release|Any CPU
		{4CBE1314-8FA7-421A-A22C-B34CAC87BADD}.Release|x64.Build.0 = Release|Any CPU
		{4CBE1314-8FA7-421A-A22C-B34CAC87BADD}.Release|x86.ActiveCfg = Release|Any CPU
		{4CBE1314-8FA7-421A-A22C-B34CAC87BADD}.Release|x86.Build.0 = Release|Any CPU
	EndGlobalSection
	GlobalSection(SolutionProperties) = preSolution
		HideSolutionNode = FALSE
	EndGlobalSection
	GlobalSection(NestedProjects) = preSolution
		{4F71FDC0-82D8-4F74-9D1C-42E256FBE571} = {8369510E-F73C-49F5-93DD-1CEB448D2B51}
		{D2FE5DF2-C990-427C-B200-E468706A3798} = {8369510E-F73C-49F5-93DD-1CEB448D2B51}
		{B8CA49DD-75DE-44CE-AC58-88AC25DB6843} = {8369510E-F73C-49F5-93DD-1CEB448D2B51}
		{D8859E46-1F27-4747-ACF1-3F2FDDABE511} = {8369510E-F73C-49F5-93DD-1CEB448D2B51}
		{D7EE6FF8-FEC6-4CFB-86F3-D349D304DAF4} = {8369510E-F73C-49F5-93DD-1CEB448D2B51}
		{CDA5DCAD-EA45-4A46-B3E9-F51325B0F36E} = {8369510E-F73C-49F5-93DD-1CEB448D2B51}
		{E5BE2083-0F08-4B15-844D-70392E364811} = {8369510E-F73C-49F5-93DD-1CEB448D2B51}
		{96BB0A42-6C2A-4204-B0BC-529D4C54F434} = {8369510E-F73C-49F5-93DD-1CEB448D2B51}
		{4CBE1314-8FA7-421A-A22C-B34CAC87BADD} = {8369510E-F73C-49F5-93DD-1CEB448D2B51}
		{FA218F3D-CBE4-4D93-8E8B-FE573282117A} = {EF19979F-0B9E-4C88-B0D4-DA8D1E97810D}
	EndGlobalSection
	GlobalSection(ExtensibilityGlobals) = postSolution
		SolutionGuid = {694598D9-88A1-4A78-B4F8-7357634C0FAB}
	EndGlobalSection
EndGlobal
